
Microsoft Visual Studio Solution File, Format Version 12.00
# Visual Studio Version 17
VisualStudioVersion = 17.1.32421.90
MinimumVisualStudioVersion = 10.0.40219.1
Project("{FAE04EC0-301F-11D3-BF4B-00C04F79EFBC}") = "DuckHunt", "DuckHunt\DuckHunt.csproj", "{EE10D505-107A-49E6-A7CA-9709A45C0FD3}"
EndProject
Global
	GlobalSection(SolutionConfigurationPlatforms) = preSolution
		Debug|Any CPU = Debug|Any CPU
		Release|Any CPU = Release|Any CPU
	EndGlobalSection
	GlobalSection(ProjectConfigurationPlatforms) = postSolution
		{EE10D505-107A-49E6-A7CA-9709A45C0FD3}.Debug|Any CPU.ActiveCfg = Debug|Any CPU
		{EE10D505-107A-49E6-A7CA-9709A45C0FD3}.Debug|Any CPU.Build.0 = Debug|Any CPU
		{EE10D505-107A-49E6-A7CA-9709A45C0FD3}.Release|Any CPU.ActiveCfg = Release|Any CPU
		{EE10D505-107A-49E6-A7CA-9709A45C0FD3}.Release|Any CPU.Build.0 = Release|Any CPU
	EndGlobalSection
	GlobalSection(SolutionProperties) = preSolution
		HideSolutionNode = FALSE
	EndGlobalSection
	GlobalSection(ExtensibilityGlobals) = postSolution
		SolutionGuid = {6D5C958A-C685-4731-A191-4FB932306003}
	EndGlobalSection
EndGlobal
